
Microsoft Visual Studio Solution File, Format Version 12.00
# Visual Studio Version 16
VisualStudioVersion = 16.0.31729.503
MinimumVisualStudioVersion = 10.0.40219.1
Project("{FAE04EC0-301F-11D3-BF4B-00C04F79EFBC}") = "Versenyzok", "Versenyzok\Versenyzok.csproj", "{CF5F52E9-D9C7-40B9-A789-BD195C6F2F18}"
EndProject
Global
	GlobalSection(SolutionConfigurationPlatforms) = preSolution
		Debug|Any CPU = Debug|Any CPU
		Release|Any CPU = Release|Any CPU
	EndGlobalSection
	GlobalSection(ProjectConfigurationPlatforms) = postSolution
		{CF5F52E9-D9C7-40B9-A789-BD195C6F2F18}.Debug|Any CPU.ActiveCfg = Debug|Any CPU
		{CF5F52E9-D9C7-40B9-A789-BD195C6F2F18}.Debug|Any CPU.Build.0 = Debug|Any CPU
		{CF5F52E9-D9C7-40B9-A789-BD195C6F2F18}.Release|Any CPU.ActiveCfg = Release|Any CPU
		{CF5F52E9-D9C7-40B9-A789-BD195C6F2F18}.Release|Any CPU.Build.0 = Release|Any CPU
	EndGlobalSection
	GlobalSection(SolutionProperties) = preSolution
		HideSolutionNode = FALSE
	EndGlobalSection
	GlobalSection(ExtensibilityGlobals) = postSolution
		SolutionGuid = {2A27A30E-4DD8-4285-85B2-4BD4F53874B2}
	EndGlobalSection
EndGlobal
